
Microsoft Visual Studio Solution File, Format Version 12.00
# Visual Studio 2013
VisualStudioVersion = 12.0.30501.0
MinimumVisualStudioVersion = 10.0.40219.1
Project("{F2A71F9B-5D33-465A-A702-920D77279786}") = "Notes", "Notes\Notes.fsproj", "{0A9F26CC-95F5-4650-8506-F13FC24D818A}"
EndProject
Global
	GlobalSection(SolutionConfigurationPlatforms) = preSolution
		Debug|Any CPU = Debug|Any CPU
		Release|Any CPU = Release|Any CPU
	EndGlobalSection
	GlobalSection(ProjectConfigurationPlatforms) = postSolution
		{0A9F26CC-95F5-4650-8506-F13FC24D818A}.Debug|Any CPU.ActiveCfg = Debug|Any CPU
		{0A9F26CC-95F5-4650-8506-F13FC24D818A}.Debug|Any CPU.Build.0 = Debug|Any CPU
		{0A9F26CC-95F5-4650-8506-F13FC24D818A}.Release|Any CPU.ActiveCfg = Release|Any CPU
		{0A9F26CC-95F5-4650-8506-F13FC24D818A}.Release|Any CPU.Build.0 = Release|Any CPU
	EndGlobalSection
	GlobalSection(SolutionProperties) = preSolution
		HideSolutionNode = FALSE
	EndGlobalSection
EndGlobal
